PODS:
  - Koala (0.0.2)
  - YYCategories (1.0.4):
    - YYCategories/no-arc (= 1.0.4)
  - YYCategories/no-arc (1.0.4)

DEPENDENCIES:
  - Koala (from `../`)
  - YYCategories (~> 1.0.4)

SPEC REPOS:
  https://github.com/cocoapods/specs.git:
    - YYCategories

EXTERNAL SOURCES:
  Koala:
    :path: "../"

SPEC CHECKSUMS:
  Koala: 5fbc04978649c8c2c07d74790abfa60fcba1999b
  YYCategories: 6bcd4314c6661a561410dce4a793379ebd306abd

PODFILE CHECKSUM: 7bc884cd0d26abb17fbe230574e6a7fa2e5a1bb6

COCOAPODS: 1.7.5
